{
  "name": "hackernews-ts",
  "version": "0.1.0",
  "lockfileVersion": 1,
  "requires": true,
  "dependencies": {
    "@types/lodash": {
      "version": "4.14.107",
      "resolved": "https://registry.npmjs.org/@types/lodash/-/lodash-4.14.107.tgz",
      "integrity": "sha512-afvjfP2rl3yvtv2qrCRN23zIQcDinF+munMJCoHEw2BXF22QJogTlVfNPTACQ6ieDyA6VnyKT4WLuN/wK368ng==",
      "dev": true
    }
  }
}
